// !$*UTF8*$!
{
	archiveVersion = 1;
	classes = {
	};
	objectVersion = 55;
	objects = {

/* Begin PBXBuildFile section */
		7E40479827FCD37100BCA8A3 /* AppDelegate.swift in Sources */ = {isa = PBXBuildFile; fileRef = 7E40479727FCD37100BCA8A3 /* AppDelegate.swift */; };
		7E40479A27FCD37100BCA8A3 /* SceneDelegate.swift in Sources */ = {isa = PBXBuildFile; fileRef = 7E40479927FCD37100BCA8A3 /* SceneDelegate.swift */; };
		7E40479C27FCD37100BCA8A3 /* ViewController.swift in Sources */ = {isa = PBXBuildFile; fileRef = 7E40479B27FCD37100BCA8A3 /* ViewController.swift */; };
		7E40479F27FCD37100BCA8A3 /* Main.storyboard in Resources */ = {isa = PBXBuildFile; fileRef = 7E40479D27FCD37100BCA8A3 /* Main.storyboard */; };
		7E4047A227FCD37100BCA8A3 /* FilmesCRUD.xcdatamodeld in Sources */ = {isa = PBXBuildFile; fileRef = 7E4047A027FCD37100BCA8A3 /* FilmesCRUD.xcdatamodeld */; };
		7E4047A427FCD37200BCA8A3 /* Assets.xcassets in Resources */ = {isa = PBXBuildFile; fileRef = 7E4047A327FCD37200BCA8A3 /* Assets.xcassets */; };
		7E4047A727FCD37200BCA8A3 /* LaunchScreen.storyboard in Resources */ = {isa = PBXBuildFile; fileRef = 7E4047A527FCD37200BCA8A3 /* LaunchScreen.storyboard */; };
		7E4047B227FCD37200BCA8A3 /* FilmesCRUDTests.swift in Sources */ = {isa = PBXBuildFile; fileRef = 7E4047B127FCD37200BCA8A3 /* FilmesCRUDTests.swift */; };
		7E4047BC27FCD37200BCA8A3 /* FilmesCRUDUITests.swift in Sources */ = {isa = PBXBuildFile; fileRef = 7E4047BB27FCD37200BCA8A3 /* FilmesCRUDUITests.swift */; };
		7E4047BE27FCD37200BCA8A3 /* FilmesCRUDUITestsLaunchTests.swift in Sources */ = {isa = PBXBuildFile; fileRef = 7E4047BD27FCD37200BCA8A3 /* FilmesCRUDUITestsLaunchTests.swift */; };
		7E4047CB27FCD50600BCA8A3 /* ListaDeFilmesTableViewController.swift in Sources */ = {isa = PBXBuildFile; fileRef = 7E4047CA27FCD50600BCA8A3 /* ListaDeFilmesTableViewController.swift */; };
		7E4047CF27FCD90F00BCA8A3 /* Filme.swift in Sources */ = {isa = PBXBuildFile; fileRef = 7E4047CE27FCD90F00BCA8A3 /* Filme.swift */; };
		7E4047D127FCD99500BCA8A3 /* CRUDFilmes.swift in Sources */ = {isa = PBXBuildFile; fileRef = 7E4047D027FCD99500BCA8A3 /* CRUDFilmes.swift */; };
/* End PBXBuildFile section */

/* Begin PBXContainerItemProxy section */
		7E4047AE27FCD37200BCA8A3 /* PBXContainerItemProxy */ = {
			isa = PBXContainerItemProxy;
			containerPortal = 7E40478C27FCD37100BCA8A3 /* Project object */;
			proxyType = 1;
			remoteGlobalIDString = 7E40479327FCD37100BCA8A3;
			remoteInfo = FilmesCRUD;
		};
		7E4047B827FCD37200BCA8A3 /* PBXContainerItemProxy */ = {
			isa = PBXContainerItemProxy;
			containerPortal = 7E40478C27FCD37100BCA8A3 /* Project object */;
			proxyType = 1;
			remoteGlobalIDString = 7E40479327FCD37100BCA8A3;
			remoteInfo = FilmesCRUD;
		};
/* End PBXContainerItemProxy section */

/* Begin PBXFileReference section */
		7E40479427FCD37100BCA8A3 /* FilmesCRUD.app */ = {isa = PBXFileReference; explicitFileType = wrapper.application; includeInIndex = 0; path = FilmesCRUD.app; sourceTree = BUILT_PRODUCTS_DIR; };
		7E40479727FCD37100BCA8A3 /* AppDelegate.swift */ = {isa = PBXFileReference; lastKnownFileType = sourcecode.swift; path = AppDelegate.swift; sourceTree = "<group>"; };
		7E40479927FCD37100BCA8A3 /* SceneDelegate.swift */ = {isa = PBXFileReference; lastKnownFileType = sourcecode.swift; path = SceneDelegate.swift; sourceTree = "<group>"; };
		7E40479B27FCD37100BCA8A3 /* ViewController.swift */ = {isa = PBXFileReference; lastKnownFileType = sourcecode.swift; path = ViewController.swift; sourceTree = "<group>"; };
		7E40479E27FCD37100BCA8A3 /* Base */ = {isa = PBXFileReference; lastKnownFileType = file.storyboard; name = Base; path = Base.lproj/Main.storyboard; sourceTree = "<group>"; };
		7E4047A127FCD37100BCA8A3 /* FilmesCRUD.xcdatamodel */ = {isa = PBXFileReference; lastKnownFileType = wrapper.xcdatamodel; path = FilmesCRUD.xcdatamodel; sourceTree = "<group>"; };
		7E4047A327FCD37200BCA8A3 /* Assets.xcassets */ = {isa = PBXFileReference; lastKnownFileType = folder.assetcatalog; path = Assets.xcassets; sourceTree = "<group>"; };
		7E4047A627FCD37200BCA8A3 /* Base */ = {isa = PBXFileReference; lastKnownFileType = file.storyboard; name = Base; path = Base.lproj/LaunchScreen.storyboard; sourceTree = "<group>"; };
		7E4047A827FCD37200BCA8A3 /* Info.plist */ = {isa = PBXFileReference; lastKnownFileType = text.plist.xml; path = Info.plist; sourceTree = "<group>"; };
		7E4047AD27FCD37200BCA8A3 /* FilmesCRUDTests.xctest */ = {isa = PBXFileReference; explicitFileType = wrapper.cfbundle; includeInIndex = 0; path = FilmesCRUDTests.xctest; sourceTree = BUILT_PRODUCTS_DIR; };
		7E4047B127FCD37200BCA8A3 /* FilmesCRUDTests.swift */ = {isa = PBXFileReference; lastKnownFileType = sourcecode.swift; path = FilmesCRUDTests.swift; sourceTree = "<group>"; };
		7E4047B727FCD37200BCA8A3 /* FilmesCRUDUITests.xctest */ = {isa = PBXFileReference; explicitFileType = wrapper.cfbundle; includeInIndex = 0; path = FilmesCRUDUITests.xctest; sourceTree = BUILT_PRODUCTS_DIR; };
		7E4047BB27FCD37200BCA8A3 /* FilmesCRUDUITests.swift */ = {isa = PBXFileReference; lastKnownFileType = sourcecode.swift; path = FilmesCRUDUITests.swift; sourceTree = "<group>"; };
		7E4047BD27FCD37200BCA8A3 /* FilmesCRUDUITestsLaunchTests.swift */ = {isa = PBXFileReference; lastKnownFileType = sourcecode.swift; path = FilmesCRUDUITestsLaunchTests.swift; sourceTree = "<group>"; };
		7E4047CA27FCD50600BCA8A3 /* ListaDeFilmesTableViewController.swift */ = {isa = PBXFileReference; lastKnownFileType = sourcecode.swift; path = ListaDeFilmesTableViewController.swift; sourceTree = "<group>"; };
		7E4047CE27FCD90F00BCA8A3 /* Filme.swift */ = {isa = PBXFileReference; lastKnownFileType = sourcecode.swift; path = Filme.swift; sourceTree = "<group>"; };
		7E4047D027FCD99500BCA8A3 /* CRUDFilmes.swift */ = {isa = PBXFileReference; lastKnownFileType = sourcecode.swift; path = CRUDFilmes.swift; sourceTree = "<group>"; };
/* End PBXFileReference section */

/* Begin PBXFrameworksBuildPhase section */
		7E40479127FCD37100BCA8A3 /* Frameworks */ = {
			isa = PBXFrameworksBuildPhase;
			buildActionMask = 2147483647;
			files = (
			);
			runOnlyForDeploymentPostprocessing = 0;
		};
		7E4047AA27FCD37200BCA8A3 /* Frameworks */ = {
			isa = PBXFrameworksBuildPhase;
			buildActionMask = 2147483647;
			files = (
			);
			runOnlyForDeploymentPostprocessing = 0;
		};
		7E4047B427FCD37200BCA8A3 /* Frameworks */ = {
			isa = PBXFrameworksBuildPhase;
			buildActionMask = 2147483647;
			files = (
			);
			runOnlyForDeploymentPostprocessing = 0;
		};
/* End PBXFrameworksBuildPhase section */

/* Begin PBXGroup section */
		7E40478B27FCD37100BCA8A3 = {
			isa = PBXGroup;
			children = (
				7E40479627FCD37100BCA8A3 /* FilmesCRUD */,
				7E4047B027FCD37200BCA8A3 /* FilmesCRUDTests */,
				7E4047BA27FCD37200BCA8A3 /* FilmesCRUDUITests */,
				7E40479527FCD37100BCA8A3 /* Products */,
			);
			sourceTree = "<group>";
		};
		7E40479527FCD37100BCA8A3 /* Products */ = {
			isa = PBXGroup;
			children = (
				7E40479427FCD37100BCA8A3 /* FilmesCRUD.app */,
				7E4047AD27FCD37200BCA8A3 /* FilmesCRUDTests.xctest */,
				7E4047B727FCD37200BCA8A3 /* FilmesCRUDUITests.xctest */,
			);
			name = Products;
			sourceTree = "<group>";
		};
		7E40479627FCD37100BCA8A3 /* FilmesCRUD */ = {
			isa = PBXGroup;
			children = (
				7E40479727FCD37100BCA8A3 /* AppDelegate.swift */,
				7E40479927FCD37100BCA8A3 /* SceneDelegate.swift */,
				7E40479B27FCD37100BCA8A3 /* ViewController.swift */,
				7E40479D27FCD37100BCA8A3 /* Main.storyboard */,
				7E4047A327FCD37200BCA8A3 /* Assets.xcassets */,
				7E4047A527FCD37200BCA8A3 /* LaunchScreen.storyboard */,
				7E4047A827FCD37200BCA8A3 /* Info.plist */,
				7E4047A027FCD37100BCA8A3 /* FilmesCRUD.xcdatamodeld */,
				7E4047CA27FCD50600BCA8A3 /* ListaDeFilmesTableViewController.swift */,
				7E4047CE27FCD90F00BCA8A3 /* Filme.swift */,
				7E4047D027FCD99500BCA8A3 /* CRUDFilmes.swift */,
			);
			path = FilmesCRUD;
			sourceTree = "<group>";
		};
		7E4047B027FCD37200BCA8A3 /* FilmesCRUDTests */ = {
			isa = PBXGroup;
			children = (
				7E4047B127FCD37200BCA8A3 /* FilmesCRUDTests.swift */,
			);
			path = FilmesCRUDTests;
			sourceTree = "<group>";
		};
		7E4047BA27FCD37200BCA8A3 /* FilmesCRUDUITests */ = {
			isa = PBXGroup;
			children = (
				7E4047BB27FCD37200BCA8A3 /* FilmesCRUDUITests.swift */,
				7E4047BD27FCD37200BCA8A3 /* FilmesCRUDUITestsLaunchTests.swift */,
			);
			path = FilmesCRUDUITests;
			sourceTree = "<group>";
		};
/* End PBXGroup section */

/* Begin PBXNativeTarget section */
		7E40479327FCD37100BCA8A3 /* FilmesCRUD */ = {
			isa = PBXNativeTarget;
			buildConfigurationList = 7E4047C127FCD37200BCA8A3 /* Build configuration list for PBXNativeTarget "FilmesCRUD" */;
			buildPhases = (
				7E40479027FCD37100BCA8A3 /* Sources */,
				7E40479127FCD37100BCA8A3 /* Frameworks */,
				7E40479227FCD37100BCA8A3 /* Resources */,
			);
			buildRules = (
			);
			dependencies = (
			);
			name = FilmesCRUD;
			productName = FilmesCRUD;
			productReference = 7E40479427FCD37100BCA8A3 /* FilmesCRUD.app */;
			productType = "com.apple.product-type.application";
		};
		7E4047AC27FCD37200BCA8A3 /* FilmesCRUDTests */ = {
			isa = PBXNativeTarget;
			buildConfigurationList = 7E4047C427FCD37200BCA8A3 /* Build configuration list for PBXNativeTarget "FilmesCRUDTests" */;
			buildPhases = (
				7E4047A927FCD37200BCA8A3 /* Sources */,
				7E4047AA27FCD37200BCA8A3 /* Frameworks */,
				7E4047AB27FCD37200BCA8A3 /* Resources */,
			);
			buildRules = (
			);
			dependencies = (
				7E4047AF27FCD37200BCA8A3 /* PBXTargetDependency */,
			);
			name = FilmesCRUDTests;
			productName = FilmesCRUDTests;
			productReference = 7E4047AD27FCD37200BCA8A3 /* FilmesCRUDTests.xctest */;
			productType = "com.apple.product-type.bundle.unit-test";
		};
		7E4047B627FCD37200BCA8A3 /* FilmesCRUDUITests */ = {
			isa = PBXNativeTarget;
			buildConfigurationList = 7E4047C727FCD37200BCA8A3 /* Build configuration list for PBXNativeTarget "FilmesCRUDUITests" */;
			buildPhases = (
				7E4047B327FCD37200BCA8A3 /* Sources */,
				7E4047B427FCD37200BCA8A3 /* Frameworks */,
				7E4047B527FCD37200BCA8A3 /* Resources */,
			);
			buildRules = (
			);
			dependencies = (
				7E4047B927FCD37200BCA8A3 /* PBXTargetDependency */,
			);
			name = FilmesCRUDUITests;
			productName = FilmesCRUDUITests;
			productReference = 7E4047B727FCD37200BCA8A3 /* FilmesCRUDUITests.xctest */;
			productType = "com.apple.product-type.bundle.ui-testing";
		};
/* End PBXNativeTarget section */

/* Begin PBXProject section */
		7E40478C27FCD37100BCA8A3 /* Project object */ = {
			isa = PBXProject;
			attributes = {
				BuildIndependentTargetsInParallel = 1;
				LastSwiftUpdateCheck = 1330;
				LastUpgradeCheck = 1330;
				TargetAttributes = {
					7E40479327FCD37100BCA8A3 = {
						CreatedOnToolsVersion = 13.3;
					};
					7E4047AC27FCD37200BCA8A3 = {
						CreatedOnToolsVersion = 13.3;
						TestTargetID = 7E40479327FCD37100BCA8A3;
					};
					7E4047B627FCD37200BCA8A3 = {
						CreatedOnToolsVersion = 13.3;
						TestTargetID = 7E40479327FCD37100BCA8A3;
					};
				};
			};
			buildConfigurationList = 7E40478F27FCD37100BCA8A3 /* Build configuration list for PBXProject "FilmesCRUD" */;
			compatibilityVersion = "Xcode 13.0";
			developmentRegion = en;
			hasScannedForEncodings = 0;
			knownRegions = (
				en,
				Base,
			);
			mainGroup = 7E40478B27FCD37100BCA8A3;
			productRefGroup = 7E40479527FCD37100BCA8A3 /* Products */;
			projectDirPath = "";
			projectRoot = "";
			targets = (
				7E40479327FCD37100BCA8A3 /* FilmesCRUD */,
				7E4047AC27FCD37200BCA8A3 /* FilmesCRUDTests */,
				7E4047B627FCD37200BCA8A3 /* FilmesCRUDUITests */,
			);
		};
/* End PBXProject section */

/* Begin PBXResourcesBuildPhase section */
		7E40479227FCD37100BCA8A3 /* Resources */ = {
			isa = PBXResourcesBuildPhase;
			buildActionMask = 2147483647;
			files = (
				7E4047A727FCD37200BCA8A3 /* LaunchScreen.storyboard in Resources */,
				7E4047A427FCD37200BCA8A3 /* Assets.xcassets in Resources */,
				7E40479F27FCD37100BCA8A3 /* Main.storyboard in Resources */,
			);
			runOnlyForDeploymentPostprocessing = 0;
		};
		7E4047AB27FCD37200BCA8A3 /* Resources */ = {
			isa = PBXResourcesBuildPhase;
			buildActionMask = 2147483647;
			files = (
			);
			runOnlyForDeploymentPostprocessing = 0;
		};
		7E4047B527FCD37200BCA8A3 /* Resources */ = {
			isa = PBXResourcesBuildPhase;
			buildActionMask = 2147483647;
			files = (
			);
			runOnlyForDeploymentPostprocessing = 0;
		};
/* End PBXResourcesBuildPhase section */

/* Begin PBXSourcesBuildPhase section */
		7E40479027FCD37100BCA8A3 /* Sources */ = {
			isa = PBXSourcesBuildPhase;
			buildActionMask = 2147483647;
			files = (
				7E4047CB27FCD50600BCA8A3 /* ListaDeFilmesTableViewController.swift in Sources */,
				7E40479C27FCD37100BCA8A3 /* ViewController.swift in Sources */,
				7E4047D127FCD99500BCA8A3 /* CRUDFilmes.swift in Sources */,
				7E4047CF27FCD90F00BCA8A3 /* Filme.swift in Sources */,
				7E4047A227FCD37100BCA8A3 /* FilmesCRUD.xcdatamodeld in Sources */,
				7E40479827FCD37100BCA8A3 /* AppDelegate.swift in Sources */,
				7E40479A27FCD37100BCA8A3 /* SceneDelegate.swift in Sources */,
			);
			runOnlyForDeploymentPostprocessing = 0;
		};
		7E4047A927FCD37200BCA8A3 /* Sources */ = {
			isa = PBXSourcesBuildPhase;
			buildActionMask = 2147483647;
			files = (
				7E4047B227FCD37200BCA8A3 /* FilmesCRUDTests.swift in Sources */,
			);
			runOnlyForDeploymentPostprocessing = 0;
		};
		7E4047B327FCD37200BCA8A3 /* Sources */ = {
			isa = PBXSourcesBuildPhase;
			buildActionMask = 2147483647;
			files = (
				7E4047BE27FCD37200BCA8A3 /* FilmesCRUDUITestsLaunchTests.swift in Sources */,
				7E4047BC27FCD37200BCA8A3 /* FilmesCRUDUITests.swift in Sources */,
			);
			runOnlyForDeploymentPostprocessing = 0;
		};
/* End PBXSourcesBuildPhase section */

/* Begin PBXTargetDependency section */
		7E4047AF27FCD37200BCA8A3 /* PBXTargetDependency */ = {
			isa = PBXTargetDependency;
			target = 7E40479327FCD37100BCA8A3 /* FilmesCRUD */;
			targetProxy = 7E4047AE27FCD37200BCA8A3 /* PBXContainerItemProxy */;
		};
		7E4047B927FCD37200BCA8A3 /* PBXTargetDependency */ = {
			isa = PBXTargetDependency;
			target = 7E40479327FCD37100BCA8A3 /* FilmesCRUD */;
			targetProxy = 7E4047B827FCD37200BCA8A3 /* PBXContainerItemProxy */;
		};
/* End PBXTargetDependency section */

/* Begin PBXVariantGroup section */
		7E40479D27FCD37100BCA8A3 /* Main.storyboard */ = {
			isa = PBXVariantGroup;
			children = (
				7E40479E27FCD37100BCA8A3 /* Base */,
			);
			name = Main.storyboard;
			sourceTree = "<group>";
		};
		7E4047A527FCD37200BCA8A3 /* LaunchScreen.storyboard */ = {
			isa = PBXVariantGroup;
			children = (
				7E4047A627FCD37200BCA8A3 /* Base */,
			);
			name = LaunchScreen.storyboard;
			sourceTree = "<group>";
		};
/* End PBXVariantGroup section */

/* Begin XCBuildConfiguration section */
		7E4047BF27FCD37200BCA8A3 /* Debug */ = {
			isa = XCBuildConfiguration;
			buildSettings = {
				ALWAYS_SEARCH_USER_PATHS = NO;
				CLANG_ANALYZER_NONNULL = YES;
				CLANG_ANALYZER_NUMBER_OBJECT_CONVERSION = YES_AGGRESSIVE;
				CLANG_CXX_LANGUAGE_STANDARD = "gnu++17";
				CLANG_ENABLE_MODULES = YES;
				CLANG_ENABLE_OBJC_ARC = YES;
				CLANG_ENABLE_OBJC_WEAK = YES;
				CLANG_WARN_BLOCK_CAPTURE_AUTORELEASING = YES;
				CLANG_WARN_BOOL_CONVERSION = YES;
				CLANG_WARN_COMMA = YES;
				CLANG_WARN_CONSTANT_CONVERSION = YES;
				CLANG_WARN_DEPRECATED_OBJC_IMPLEMENTATIONS = YES;
				CLANG_WARN_DIRECT_OBJC_ISA_USAGE = YES_ERROR;
				CLANG_WARN_DOCUMENTATION_COMMENTS = YES;
				CLANG_WARN_EMPTY_BODY = YES;
				CLANG_WARN_ENUM_CONVERSION = YES;
				CLANG_WARN_INFINITE_RECURSION = YES;
				CLANG_WARN_INT_CONVERSION = YES;
				CLANG_WARN_NON_LITERAL_NULL_CONVERSION = YES;
				CLANG_WARN_OBJC_IMPLICIT_RETAIN_SELF = YES;
				CLANG_WARN_OBJC_LITERAL_CONVERSION = YES;
				CLANG_WARN_OBJC_ROOT_CLASS = YES_ERROR;
				CLANG_WARN_QUOTED_INCLUDE_IN_FRAMEWORK_HEADER = YES;
				CLANG_WARN_RANGE_LOOP_ANALYSIS = YES;
				CLANG_WARN_STRICT_PROTOTYPES = YES;
				CLANG_WARN_SUSPICIOUS_MOVE = YES;
				CLANG_WARN_UNGUARDED_AVAILABILITY = YES_AGGRESSIVE;
				CLANG_WARN_UNREACHABLE_CODE = YES;
				CLANG_WARN__DUPLICATE_METHOD_MATCH = YES;
				COPY_PHASE_STRIP = NO;
				DEBUG_INFORMATION_FORMAT = dwarf;
				ENABLE_STRICT_OBJC_MSGSEND = YES;
				ENABLE_TESTABILITY = YES;
				GCC_C_LANGUAGE_STANDARD = gnu11;
				GCC_DYNAMIC_NO_PIC = NO;
				GCC_NO_COMMON_BLOCKS = YES;
				GCC_OPTIMIZATION_LEVEL = 0;
				GCC_PREPROCESSOR_DEFINITIONS = (
					"DEBUG=1",
					"$(inherited)",
				);
				GCC_WARN_64_TO_32_BIT_CONVERSION = YES;
				GCC_WARN_ABOUT_RETURN_TYPE = YES_ERROR;
				GCC_WARN_UNDECLARED_SELECTOR = YES;
				GCC_WARN_UNINITIALIZED_AUTOS = YES_AGGRESSIVE;
				GCC_WARN_UNUSED_FUNCTION = YES;
				GCC_WARN_UNUSED_VARIABLE = YES;
				IPHONEOS_DEPLOYMENT_TARGET = 15.4;
				MTL_ENABLE_DEBUG_INFO = INCLUDE_SOURCE;
				MTL_FAST_MATH = YES;
				ONLY_ACTIVE_ARCH = YES;
				SDKROOT = iphoneos;
				SWIFT_ACTIVE_COMPILATION_CONDITIONS = DEBUG;
				SWIFT_OPTIMIZATION_LEVEL = "-Onone";
			};
			name = Debug;
		};
		7E4047C027FCD37200BCA8A3 /* Release */ = {
			isa = XCBuildConfiguration;
			buildSettings = {
				ALWAYS_SEARCH_USER_PATHS = NO;
				CLANG_ANALYZER_NONNULL = YES;
				CLANG_ANALYZER_NUMBER_OBJECT_CONVERSION = YES_AGGRESSIVE;
				CLANG_CXX_LANGUAGE_STANDARD = "gnu++17";
				CLANG_ENABLE_MODULES = YES;
				CLANG_ENABLE_OBJC_ARC = YES;
				CLANG_ENABLE_OBJC_WEAK = YES;
				CLANG_WARN_BLOCK_CAPTURE_AUTORELEASING = YES;
				CLANG_WARN_BOOL_CONVERSION = YES;
				CLANG_WARN_COMMA = YES;
				CLANG_WARN_CONSTANT_CONVERSION = YES;
				CLANG_WARN_DEPRECATED_OBJC_IMPLEMENTATIONS = YES;
				CLANG_WARN_DIRECT_OBJC_ISA_USAGE = YES_ERROR;
				CLANG_WARN_DOCUMENTATION_COMMENTS = YES;
				CLANG_WARN_EMPTY_BODY = YES;
				CLANG_WARN_ENUM_CONVERSION = YES;
				CLANG_WARN_INFINITE_RECURSION = YES;
				CLANG_WARN_INT_CONVERSION = YES;
				CLANG_WARN_NON_LITERAL_NULL_CONVERSION = YES;
				CLANG_WARN_OBJC_IMPLICIT_RETAIN_SELF = YES;
				CLANG_WARN_OBJC_LITERAL_CONVERSION = YES;
				CLANG_WARN_OBJC_ROOT_CLASS = YES_ERROR;
				CLANG_WARN_QUOTED_INCLUDE_IN_FRAMEWORK_HEADER = YES;
				CLANG_WARN_RANGE_LOOP_ANALYSIS = YES;
				CLANG_WARN_STRICT_PROTOTYPES = YES;
				CLANG_WARN_SUSPICIOUS_MOVE = YES;
				CLANG_WARN_UNGUARDED_AVAILABILITY = YES_AGGRESSIVE;
				CLANG_WARN_UNREACHABLE_CODE = YES;
				CLANG_WARN__DUPLICATE_METHOD_MATCH = YES;
				COPY_PHASE_STRIP = NO;
				DEBUG_INFORMATION_FORMAT = "dwarf-with-dsym";
				ENABLE_NS_ASSERTIONS = NO;
				ENABLE_STRICT_OBJC_MSGSEND = YES;
				GCC_C_LANGUAGE_STANDARD = gnu11;
				GCC_NO_COMMON_BLOCKS = YES;
				GCC_WARN_64_TO_32_BIT_CONVERSION = YES;
				GCC_WARN_ABOUT_RETURN_TYPE = YES_ERROR;
				GCC_WARN_UNDECLARED_SELECTOR = YES;
				GCC_WARN_UNINITIALIZED_AUTOS = YES_AGGRESSIVE;
				GCC_WARN_UNUSED_FUNCTION = YES;
				GCC_WARN_UNUSED_VARIABLE = YES;
				IPHONEOS_DEPLOYMENT_TARGET = 15.4;
				MTL_ENABLE_DEBUG_INFO = NO;
				MTL_FAST_MATH = YES;
				SDKROOT = iphoneos;
				SWIFT_COMPILATION_MODE = wholemodule;
				SWIFT_OPTIMIZATION_LEVEL = "-O";
				VALIDATE_PRODUCT = YES;
			};
			name = Release;
		};
		7E4047C227FCD37200BCA8A3 /* Debug */ = {
			isa = XCBuildConfiguration;
			buildSettings = {
				ASSETCATALOG_COMPILER_APPICON_NAME = AppIcon;
				ASSETCATALOG_COMPILER_GLOBAL_ACCENT_COLOR_NAME = AccentColor;
				CODE_SIGN_STYLE = Automatic;
				CURRENT_PROJECT_VERSION = 1;
				GENERATE_INFOPLIST_FILE = YES;
				INFOPLIST_FILE = FilmesCRUD/Info.plist;
				INFOPLIST_KEY_UIApplicationSupportsIndirectInputEvents = YES;
				INFOPLIST_KEY_UILaunchStoryboardName = LaunchScreen;
				INFOPLIST_KEY_UIMainStoryboardFile = Main;
				INFOPLIST_KEY_UISupportedInterfaceOrientations_iPad = "UIInterfaceOrientationPortrait UIInterfaceOrientationPortraitUpsideDown UIInterfaceOrientationLandscapeLeft UIInterfaceOrientationLandscapeRight";
				INFOPLIST_KEY_UISupportedInterfaceOrientations_iPhone = "UIInterfaceOrientationPortrait UIInterfaceOrientationLandscapeLeft UIInterfaceOrientationLandscapeRight";
				LD_RUNPATH_SEARCH_PATHS = (
					"$(inherited)",
					"@executable_path/Frameworks",
				);
				MARKETING_VERSION = 1.0;
				PRODUCT_BUNDLE_IDENTIFIER = br.com.brq.FilmesCRUD;
				PRODUCT_NAME = "$(TARGET_NAME)";
				SWIFT_EMIT_LOC_STRINGS = YES;
				SWIFT_VERSION = 5.0;
				TARGETED_DEVICE_FAMILY = "1,2";
			};
			name = Debug;
		};
		7E4047C327FCD37200BCA8A3 /* Release */ = {
			isa = XCBuildConfiguration;
			buildSettings = {
				ASSETCATALOG_COMPILER_APPICON_NAME = AppIcon;
				ASSETCATALOG_COMPILER_GLOBAL_ACCENT_COLOR_NAME = AccentColor;
				CODE_SIGN_STYLE = Automatic;
				CURRENT_PROJECT_VERSION = 1;
				GENERATE_INFOPLIST_FILE = YES;
				INFOPLIST_FILE = FilmesCRUD/Info.plist;
				INFOPLIST_KEY_UIApplicationSupportsIndirectInputEvents = YES;
				INFOPLIST_KEY_UILaunchStoryboardName = LaunchScreen;
				INFOPLIST_KEY_UIMainStoryboardFile = Main;
				INFOPLIST_KEY_UISupportedInterfaceOrientations_iPad = "UIInterfaceOrientationPortrait UIInterfaceOrientationPortraitUpsideDown UIInterfaceOrientationLandscapeLeft UIInterfaceOrientationLandscapeRight";
				INFOPLIST_KEY_UISupportedInterfaceOrientations_iPhone = "UIInterfaceOrientationPortrait UIInterfaceOrientationLandscapeLeft UIInterfaceOrientationLandscapeRight";
				LD_RUNPATH_SEARCH_PATHS = (
					"$(inherited)",
					"@executable_path/Frameworks",
				);
				MARKETING_VERSION = 1.0;
				PRODUCT_BUNDLE_IDENTIFIER = br.com.brq.FilmesCRUD;
				PRODUCT_NAME = "$(TARGET_NAME)";
				SWIFT_EMIT_LOC_STRINGS = YES;
				SWIFT_VERSION = 5.0;
				TARGETED_DEVICE_FAMILY = "1,2";
			};
			name = Release;
		};
		7E4047C527FCD37200BCA8A3 /* Debug */ = {
			isa = XCBuildConfiguration;
			buildSettings = {
				ALWAYS_EMBED_SWIFT_STANDARD_LIBRARIES = YES;
				BUNDLE_LOADER = "$(TEST_HOST)";
				CODE_SIGN_STYLE = Automatic;
				CURRENT_PROJECT_VERSION = 1;
				GENERATE_INFOPLIST_FILE = YES;
				IPHONEOS_DEPLOYMENT_TARGET = 15.4;
				MARKETING_VERSION = 1.0;
				PRODUCT_BUNDLE_IDENTIFIER = br.com.brq.FilmesCRUDTests;
				PRODUCT_NAME = "$(TARGET_NAME)";
				SWIFT_EMIT_LOC_STRINGS = NO;
				SWIFT_VERSION = 5.0;
				TARGETED_DEVICE_FAMILY = "1,2";
				TEST_HOST = "$(BUILT_PRODUCTS_DIR)/FilmesCRUD.app/FilmesCRUD";
			};
			name = Debug;
		};
		7E4047C627FCD37200BCA8A3 /* Release */ = {
			isa = XCBuildConfiguration;
			buildSettings = {
				ALWAYS_EMBED_SWIFT_STANDARD_LIBRARIES = YES;
				BUNDLE_LOADER = "$(TEST_HOST)";
				CODE_SIGN_STYLE = Automatic;
				CURRENT_PROJECT_VERSION = 1;
				GENERATE_INFOPLIST_FILE = YES;
				IPHONEOS_DEPLOYMENT_TARGET = 15.4;
				MARKETING_VERSION = 1.0;
				PRODUCT_BUNDLE_IDENTIFIER = br.com.brq.FilmesCRUDTests;
				PRODUCT_NAME = "$(TARGET_NAME)";
				SWIFT_EMIT_LOC_STRINGS = NO;
				SWIFT_VERSION = 5.0;
				TARGETED_DEVICE_FAMILY = "1,2";
				TEST_HOST = "$(BUILT_PRODUCTS_DIR)/FilmesCRUD.app/FilmesCRUD";
			};
			name = Release;
		};
		7E4047C827FCD37200BCA8A3 /* Debug */ = {
			isa = XCBuildConfiguration;
			buildSettings = {
				ALWAYS_EMBED_SWIFT_STANDARD_LIBRARIES = YES;
				CODE_SIGN_STYLE = Automatic;
				CURRENT_PROJECT_VERSION = 1;
				GENERATE_INFOPLIST_FILE = YES;
				MARKETING_VERSION = 1.0;
				PRODUCT_BUNDLE_IDENTIFIER = br.com.brq.FilmesCRUDUITests;
				PRODUCT_NAME = "$(TARGET_NAME)";
				SWIFT_EMIT_LOC_STRINGS = NO;
				SWIFT_VERSION = 5.0;
				TARGETED_DEVICE_FAMILY = "1,2";
				TEST_TARGET_NAME = FilmesCRUD;
			};
			name = Debug;
		};
		7E4047C927FCD37200BCA8A3 /* Release */ = {
			isa = XCBuildConfiguration;
			buildSettings = {
				ALWAYS_EMBED_SWIFT_STANDARD_LIBRARIES = YES;
				CODE_SIGN_STYLE = Automatic;
				CURRENT_PROJECT_VERSION = 1;
				GENERATE_INFOPLIST_FILE = YES;
				MARKETING_VERSION = 1.0;
				PRODUCT_BUNDLE_IDENTIFIER = br.com.brq.FilmesCRUDUITests;
				PRODUCT_NAME = "$(TARGET_NAME)";
				SWIFT_EMIT_LOC_STRINGS = NO;
				SWIFT_VERSION = 5.0;
				TARGETED_DEVICE_FAMILY = "1,2";
				TEST_TARGET_NAME = FilmesCRUD;
			};
			name = Release;
		};
/* End XCBuildConfiguration section */

/* Begin XCConfigurationList section */
		7E40478F27FCD37100BCA8A3 /* Build configuration list for PBXProject "FilmesCRUD" */ = {
			isa = XCConfigurationList;
			buildConfigurations = (
				7E4047BF27FCD37200BCA8A3 /* Debug */,
				7E4047C027FCD37200BCA8A3 /* Release */,
			);
			defaultConfigurationIsVisible = 0;
			defaultConfigurationName = Release;
		};
		7E4047C127FCD37200BCA8A3 /* Build configuration list for PBXNativeTarget "FilmesCRUD" */ = {
			isa = XCConfigurationList;
			buildConfigurations = (
				7E4047C227FCD37200BCA8A3 /* Debug */,
				7E4047C327FCD37200BCA8A3 /* Release */,
			);
			defaultConfigurationIsVisible = 0;
			defaultConfigurationName = Release;
		};
		7E4047C427FCD37200BCA8A3 /* Build configuration list for PBXNativeTarget "FilmesCRUDTests" */ = {
			isa = XCConfigurationList;
			buildConfigurations = (
				7E4047C527FCD37200BCA8A3 /* Debug */,
				7E4047C627FCD37200BCA8A3 /* Release */,
			);
			defaultConfigurationIsVisible = 0;
			defaultConfigurationName = Release;
		};
		7E4047C727FCD37200BCA8A3 /* Build configuration list for PBXNativeTarget "FilmesCRUDUITests" */ = {
			isa = XCConfigurationList;
			buildConfigurations = (
				7E4047C827FCD37200BCA8A3 /* Debug */,
				7E4047C927FCD37200BCA8A3 /* Release */,
			);
			defaultConfigurationIsVisible = 0;
			defaultConfigurationName = Release;
		};
/* End XCConfigurationList section */

/* Begin XCVersionGroup section */
		7E4047A027FCD37100BCA8A3 /* FilmesCRUD.xcdatamodeld */ = {
			isa = XCVersionGroup;
			children = (
				7E4047A127FCD37100BCA8A3 /* FilmesCRUD.xcdatamodel */,
			);
			currentVersion = 7E4047A127FCD37100BCA8A3 /* FilmesCRUD.xcdatamodel */;
			path = FilmesCRUD.xcdatamodeld;
			sourceTree = "<group>";
			versionGroupType = wrapper.xcdatamodel;
		};
/* End XCVersionGroup section */
	};
	rootObject = 7E40478C27FCD37100BCA8A3 /* Project object */;
}
